
Microsoft Visual Studio Solution File, Format Version 12.00
# Visual Studio 15
VisualStudioVersion = 15.0.28307.902
MinimumVisualStudioVersion = 10.0.40219.1
Project("{888888A0-9F3D-457C-B088-3A5042F75D52}") = "TensorflowExample", "TensorflowExample.pyproj", "{C67B4225-D82C-4757-8AA0-54C38AB27980}"
EndProject
Global
	GlobalSection(SolutionConfigurationPlatforms) = preSolution
		Debug|Any CPU = Debug|Any CPU
		Release|Any CPU = Release|Any CPU
	EndGlobalSection
	GlobalSection(ProjectConfigurationPlatforms) = postSolution
		{C67B4225-D82C-4757-8AA0-54C38AB27980}.Debug|Any CPU.ActiveCfg = Debug|Any CPU
		{C67B4225-D82C-4757-8AA0-54C38AB27980}.Release|Any CPU.ActiveCfg = Release|Any CPU
	EndGlobalSection
	GlobalSection(SolutionProperties) = preSolution
		HideSolutionNode = FALSE
	EndGlobalSection
	GlobalSection(ExtensibilityGlobals) = postSolution
		SolutionGuid = {4ABFEE03-C536-45F0-BBF7-6C10D18C8373}
	EndGlobalSection
EndGlobal
